// !$*UTF8*$!
{
	archiveVersion = 1;
	classes = {
	};
	objectVersion = 55;
	objects = {

/* Begin PBXBuildFile section */
		3FBB2680280757B700077A56 /* TeamInfo.swift in Sources */ = {isa = PBXBuildFile; fileRef = 3FBB267F280757B700077A56 /* TeamInfo.swift */; };
		3FBB26822807CB2D00077A56 /* IPLWinnersData.swift in Sources */ = {isa = PBXBuildFile; fileRef = 3FBB26812807CB2D00077A56 /* IPLWinnersData.swift */; };
		3FBB26842808ABE200077A56 /* TeamStatistics.swift in Sources */ = {isa = PBXBuildFile; fileRef = 3FBB26832808ABE200077A56 /* TeamStatistics.swift */; };
		3FC1749227F6C05E00BF4933 /* AppDelegate.swift in Sources */ = {isa = PBXBuildFile; fileRef = 3FC1749127F6C05E00BF4933 /* AppDelegate.swift */; };
		3FC1749427F6C05E00BF4933 /* SceneDelegate.swift in Sources */ = {isa = PBXBuildFile; fileRef = 3FC1749327F6C05E00BF4933 /* SceneDelegate.swift */; };
		3FC1749627F6C05E00BF4933 /* ViewController.swift in Sources */ = {isa = PBXBuildFile; fileRef = 3FC1749527F6C05E00BF4933 /* ViewController.swift */; };
		3FC1749927F6C05E00BF4933 /* Main.storyboard in Resources */ = {isa = PBXBuildFile; fileRef = 3FC1749727F6C05E00BF4933 /* Main.storyboard */; };
		3FC1749B27F6C05F00BF4933 /* Assets.xcassets in Resources */ = {isa = PBXBuildFile; fileRef = 3FC1749A27F6C05F00BF4933 /* Assets.xcassets */; };
		3FC1749E27F6C05F00BF4933 /* LaunchScreen.storyboard in Resources */ = {isa = PBXBuildFile; fileRef = 3FC1749C27F6C05F00BF4933 /* LaunchScreen.storyboard */; };
		3FC174A927F6C05F00BF4933 /* Indian_Premier_League_2022Tests.swift in Sources */ = {isa = PBXBuildFile; fileRef = 3FC174A827F6C05F00BF4933 /* Indian_Premier_League_2022Tests.swift */; };
		3FC174B327F6C05F00BF4933 /* Indian_Premier_League_2022UITests.swift in Sources */ = {isa = PBXBuildFile; fileRef = 3FC174B227F6C05F00BF4933 /* Indian_Premier_League_2022UITests.swift */; };
		3FC174B527F6C05F00BF4933 /* Indian_Premier_League_2022UITestsLaunchTests.swift in Sources */ = {isa = PBXBuildFile; fileRef = 3FC174B427F6C05F00BF4933 /* Indian_Premier_League_2022UITestsLaunchTests.swift */; };
		3FC174C227F6C1DA00BF4933 /* InformationViewController.swift in Sources */ = {isa = PBXBuildFile; fileRef = 3FC174C127F6C1DA00BF4933 /* InformationViewController.swift */; };
		3FC7BCEB27FFA116002384AF /* CellTableViewCell.swift in Sources */ = {isa = PBXBuildFile; fileRef = 3FC7BCEA27FFA116002384AF /* CellTableViewCell.swift */; };
		3FC7BCED27FFA64E002384AF /* PreviousIplWinnersViewController.swift in Sources */ = {isa = PBXBuildFile; fileRef = 3FC7BCEC27FFA64E002384AF /* PreviousIplWinnersViewController.swift */; };
		3FC7BCEF27FFAD92002384AF /* TeamStatisticsViewController.swift in Sources */ = {isa = PBXBuildFile; fileRef = 3FC7BCEE27FFAD92002384AF /* TeamStatisticsViewController.swift */; };
		3FC7BCF127FFAFD2002384AF /* PlayerInfoViewController.swift in Sources */ = {isa = PBXBuildFile; fileRef = 3FC7BCF027FFAFD2002384AF /* PlayerInfoViewController.swift */; };
/* End PBXBuildFile section */

/* Begin PBXContainerItemProxy section */
		3FC174A527F6C05F00BF4933 /* PBXContainerItemProxy */ = {
			isa = PBXContainerItemProxy;
			containerPortal = 3FC1748627F6C05E00BF4933 /* Project object */;
			proxyType = 1;
			remoteGlobalIDString = 3FC1748D27F6C05E00BF4933;
			remoteInfo = Indian_Premier_League_2022;
		};
		3FC174AF27F6C05F00BF4933 /* PBXContainerItemProxy */ = {
			isa = PBXContainerItemProxy;
			containerPortal = 3FC1748627F6C05E00BF4933 /* Project object */;
			proxyType = 1;
			remoteGlobalIDString = 3FC1748D27F6C05E00BF4933;
			remoteInfo = Indian_Premier_League_2022;
		};
/* End PBXContainerItemProxy section */

/* Begin PBXFileReference section */
		3FBB267F280757B700077A56 /* TeamInfo.swift */ = {isa = PBXFileReference; lastKnownFileType = sourcecode.swift; path = TeamInfo.swift; sourceTree = "<group>"; };
		3FBB26812807CB2D00077A56 /* IPLWinnersData.swift */ = {isa = PBXFileReference; lastKnownFileType = sourcecode.swift; path = IPLWinnersData.swift; sourceTree = "<group>"; };
		3FBB26832808ABE200077A56 /* TeamStatistics.swift */ = {isa = PBXFileReference; lastKnownFileType = sourcecode.swift; path = TeamStatistics.swift; sourceTree = "<group>"; };
		3FC1748E27F6C05E00BF4933 /* Indian_Premier_League_2022.app */ = {isa = PBXFileReference; explicitFileType = wrapper.application; includeInIndex = 0; path = Indian_Premier_League_2022.app; sourceTree = BUILT_PRODUCTS_DIR; };
		3FC1749127F6C05E00BF4933 /* AppDelegate.swift */ = {isa = PBXFileReference; lastKnownFileType = sourcecode.swift; path = AppDelegate.swift; sourceTree = "<group>"; };
		3FC1749327F6C05E00BF4933 /* SceneDelegate.swift */ = {isa = PBXFileReference; lastKnownFileType = sourcecode.swift; path = SceneDelegate.swift; sourceTree = "<group>"; };
		3FC1749527F6C05E00BF4933 /* ViewController.swift */ = {isa = PBXFileReference; lastKnownFileType = sourcecode.swift; path = ViewController.swift; sourceTree = "<group>"; };
		3FC1749827F6C05E00BF4933 /* Base */ = {isa = PBXFileReference; lastKnownFileType = file.storyboard; name = Base; path = Base.lproj/Main.storyboard; sourceTree = "<group>"; };
		3FC1749A27F6C05F00BF4933 /* Assets.xcassets */ = {isa = PBXFileReference; lastKnownFileType = folder.assetcatalog; path = Assets.xcassets; sourceTree = "<group>"; };
		3FC1749D27F6C05F00BF4933 /* Base */ = {isa = PBXFileReference; lastKnownFileType = file.storyboard; name = Base; path = Base.lproj/LaunchScreen.storyboard; sourceTree = "<group>"; };
		3FC1749F27F6C05F00BF4933 /* Info.plist */ = {isa = PBXFileReference; lastKnownFileType = text.plist.xml; path = Info.plist; sourceTree = "<group>"; };
		3FC174A427F6C05F00BF4933 /* Indian_Premier_League_2022Tests.xctest */ = {isa = PBXFileReference; explicitFileType = wrapper.cfbundle; includeInIndex = 0; path = Indian_Premier_League_2022Tests.xctest; sourceTree = BUILT_PRODUCTS_DIR; };
		3FC174A827F6C05F00BF4933 /* Indian_Premier_League_2022Tests.swift */ = {isa = PBXFileReference; lastKnownFileType = sourcecode.swift; path = Indian_Premier_League_2022Tests.swift; sourceTree = "<group>"; };
		3FC174AE27F6C05F00BF4933 /* Indian_Premier_League_2022UITests.xctest */ = {isa = PBXFileReference; explicitFileType = wrapper.cfbundle; includeInIndex = 0; path = Indian_Premier_League_2022UITests.xctest; sourceTree = BUILT_PRODUCTS_DIR; };
		3FC174B227F6C05F00BF4933 /* Indian_Premier_League_2022UITests.swift */ = {isa = PBXFileReference; lastKnownFileType = sourcecode.swift; path = Indian_Premier_League_2022UITests.swift; sourceTree = "<group>"; };
		3FC174B427F6C05F00BF4933 /* Indian_Premier_League_2022UITestsLaunchTests.swift */ = {isa = PBXFileReference; lastKnownFileType = sourcecode.swift; path = Indian_Premier_League_2022UITestsLaunchTests.swift; sourceTree = "<group>"; };
		3FC174C127F6C1DA00BF4933 /* InformationViewController.swift */ = {isa = PBXFileReference; lastKnownFileType = sourcecode.swift; path = InformationViewController.swift; sourceTree = "<group>"; };
		3FC7BCEA27FFA116002384AF /* CellTableViewCell.swift */ = {isa = PBXFileReference; lastKnownFileType = sourcecode.swift; path = CellTableViewCell.swift; sourceTree = "<group>"; };
		3FC7BCEC27FFA64E002384AF /* PreviousIplWinnersViewController.swift */ = {isa = PBXFileReference; lastKnownFileType = sourcecode.swift; path = PreviousIplWinnersViewController.swift; sourceTree = "<group>"; };
		3FC7BCEE27FFAD92002384AF /* TeamStatisticsViewController.swift */ = {isa = PBXFileReference; lastKnownFileType = sourcecode.swift; path = TeamStatisticsViewController.swift; sourceTree = "<group>"; };
		3FC7BCF027FFAFD2002384AF /* PlayerInfoViewController.swift */ = {isa = PBXFileReference; lastKnownFileType = sourcecode.swift; path = PlayerInfoViewController.swift; sourceTree = "<group>"; };
/* End PBXFileReference section */

/* Begin PBXFrameworksBuildPhase section */
		3FC1748B27F6C05E00BF4933 /* Frameworks */ = {
			isa = PBXFrameworksBuildPhase;
			buildActionMask = 2147483647;
			files = (
			);
			runOnlyForDeploymentPostprocessing = 0;
		};
		3FC174A127F6C05F00BF4933 /* Frameworks */ = {
			isa = PBXFrameworksBuildPhase;
			buildActionMask = 2147483647;
			files = (
			);
			runOnlyForDeploymentPostprocessing = 0;
		};
		3FC174AB27F6C05F00BF4933 /* Frameworks */ = {
			isa = PBXFrameworksBuildPhase;
			buildActionMask = 2147483647;
			files = (
			);
			runOnlyForDeploymentPostprocessing = 0;
		};
/* End PBXFrameworksBuildPhase section */

/* Begin PBXGroup section */
		3FC1748527F6C05E00BF4933 = {
			isa = PBXGroup;
			children = (
				3FC1749027F6C05E00BF4933 /* Indian_Premier_League_2022 */,
				3FC174A727F6C05F00BF4933 /* Indian_Premier_League_2022Tests */,
				3FC174B127F6C05F00BF4933 /* Indian_Premier_League_2022UITests */,
				3FC1748F27F6C05E00BF4933 /* Products */,
			);
			sourceTree = "<group>";
		};
		3FC1748F27F6C05E00BF4933 /* Products */ = {
			isa = PBXGroup;
			children = (
				3FC1748E27F6C05E00BF4933 /* Indian_Premier_League_2022.app */,
				3FC174A427F6C05F00BF4933 /* Indian_Premier_League_2022Tests.xctest */,
				3FC174AE27F6C05F00BF4933 /* Indian_Premier_League_2022UITests.xctest */,
			);
			name = Products;
			sourceTree = "<group>";
		};
		3FC1749027F6C05E00BF4933 /* Indian_Premier_League_2022 */ = {
			isa = PBXGroup;
			children = (
				3FC1749127F6C05E00BF4933 /* AppDelegate.swift */,
				3FC1749327F6C05E00BF4933 /* SceneDelegate.swift */,
				3FC1749527F6C05E00BF4933 /* ViewController.swift */,
				3FC174C127F6C1DA00BF4933 /* InformationViewController.swift */,
				3FC7BCEA27FFA116002384AF /* CellTableViewCell.swift */,
				3FC7BCEC27FFA64E002384AF /* PreviousIplWinnersViewController.swift */,
				3FC7BCEE27FFAD92002384AF /* TeamStatisticsViewController.swift */,
				3FC7BCF027FFAFD2002384AF /* PlayerInfoViewController.swift */,
				3FBB267F280757B700077A56 /* TeamInfo.swift */,
				3FBB26812807CB2D00077A56 /* IPLWinnersData.swift */,
				3FC1749727F6C05E00BF4933 /* Main.storyboard */,
				3FC1749A27F6C05F00BF4933 /* Assets.xcassets */,
				3FC1749C27F6C05F00BF4933 /* LaunchScreen.storyboard */,
				3FC1749F27F6C05F00BF4933 /* Info.plist */,
				3FBB26832808ABE200077A56 /* TeamStatistics.swift */,
			);
			path = Indian_Premier_League_2022;
			sourceTree = "<group>";
		};
		3FC174A727F6C05F00BF4933 /* Indian_Premier_League_2022Tests */ = {
			isa = PBXGroup;
			children = (
				3FC174A827F6C05F00BF4933 /* Indian_Premier_League_2022Tests.swift */,
			);
			path = Indian_Premier_League_2022Tests;
			sourceTree = "<group>";
		};
		3FC174B127F6C05F00BF4933 /* Indian_Premier_League_2022UITests */ = {
			isa = PBXGroup;
			children = (
				3FC174B227F6C05F00BF4933 /* Indian_Premier_League_2022UITests.swift */,
				3FC174B427F6C05F00BF4933 /* Indian_Premier_League_2022UITestsLaunchTests.swift */,
			);
			path = Indian_Premier_League_2022UITests;
			sourceTree = "<group>";
		};
/* End PBXGroup section */

/* Begin PBXNativeTarget section */
		3FC1748D27F6C05E00BF4933 /* Indian_Premier_League_2022 */ = {
			isa = PBXNativeTarget;
			buildConfigurationList = 3FC174B827F6C05F00BF4933 /* Build configuration list for PBXNativeTarget "Indian_Premier_League_2022" */;
			buildPhases = (
				3FC1748A27F6C05E00BF4933 /* Sources */,
				3FC1748B27F6C05E00BF4933 /* Frameworks */,
				3FC1748C27F6C05E00BF4933 /* Resources */,
			);
			buildRules = (
			);
			dependencies = (
			);
			name = Indian_Premier_League_2022;
			productName = Indian_Premier_League_2022;
			productReference = 3FC1748E27F6C05E00BF4933 /* Indian_Premier_League_2022.app */;
			productType = "com.apple.product-type.application";
		};
		3FC174A327F6C05F00BF4933 /* Indian_Premier_League_2022Tests */ = {
			isa = PBXNativeTarget;
			buildConfigurationList = 3FC174BB27F6C05F00BF4933 /* Build configuration list for PBXNativeTarget "Indian_Premier_League_2022Tests" */;
			buildPhases = (
				3FC174A027F6C05F00BF4933 /* Sources */,
				3FC174A127F6C05F00BF4933 /* Frameworks */,
				3FC174A227F6C05F00BF4933 /* Resources */,
			);
			buildRules = (
			);
			dependencies = (
				3FC174A627F6C05F00BF4933 /* PBXTargetDependency */,
			);
			name = Indian_Premier_League_2022Tests;
			productName = Indian_Premier_League_2022Tests;
			productReference = 3FC174A427F6C05F00BF4933 /* Indian_Premier_League_2022Tests.xctest */;
			productType = "com.apple.product-type.bundle.unit-test";
		};
		3FC174AD27F6C05F00BF4933 /* Indian_Premier_League_2022UITests */ = {
			isa = PBXNativeTarget;
			buildConfigurationList = 3FC174BE27F6C05F00BF4933 /* Build configuration list for PBXNativeTarget "Indian_Premier_League_2022UITests" */;
			buildPhases = (
				3FC174AA27F6C05F00BF4933 /* Sources */,
				3FC174AB27F6C05F00BF4933 /* Frameworks */,
				3FC174AC27F6C05F00BF4933 /* Resources */,
			);
			buildRules = (
			);
			dependencies = (
				3FC174B027F6C05F00BF4933 /* PBXTargetDependency */,
			);
			name = Indian_Premier_League_2022UITests;
			productName = Indian_Premier_League_2022UITests;
			productReference = 3FC174AE27F6C05F00BF4933 /* Indian_Premier_League_2022UITests.xctest */;
			productType = "com.apple.product-type.bundle.ui-testing";
		};
/* End PBXNativeTarget section */

/* Begin PBXProject section */
		3FC1748627F6C05E00BF4933 /* Project object */ = {
			isa = PBXProject;
			attributes = {
				BuildIndependentTargetsInParallel = 1;
				LastSwiftUpdateCheck = 1320;
				LastUpgradeCheck = 1320;
				TargetAttributes = {
					3FC1748D27F6C05E00BF4933 = {
						CreatedOnToolsVersion = 13.2.1;
					};
					3FC174A327F6C05F00BF4933 = {
						CreatedOnToolsVersion = 13.2.1;
						TestTargetID = 3FC1748D27F6C05E00BF4933;
					};
					3FC174AD27F6C05F00BF4933 = {
						CreatedOnToolsVersion = 13.2.1;
						TestTargetID = 3FC1748D27F6C05E00BF4933;
					};
				};
			};
			buildConfigurationList = 3FC1748927F6C05E00BF4933 /* Build configuration list for PBXProject "Indian_Premier_League_2022" */;
			compatibilityVersion = "Xcode 13.0";
			developmentRegion = en;
			hasScannedForEncodings = 0;
			knownRegions = (
				en,
				Base,
			);
			mainGroup = 3FC1748527F6C05E00BF4933;
			productRefGroup = 3FC1748F27F6C05E00BF4933 /* Products */;
			projectDirPath = "";
			projectRoot = "";
			targets = (
				3FC1748D27F6C05E00BF4933 /* Indian_Premier_League_2022 */,
				3FC174A327F6C05F00BF4933 /* Indian_Premier_League_2022Tests */,
				3FC174AD27F6C05F00BF4933 /* Indian_Premier_League_2022UITests */,
			);
		};
/* End PBXProject section */

/* Begin PBXResourcesBuildPhase section */
		3FC1748C27F6C05E00BF4933 /* Resources */ = {
			isa = PBXResourcesBuildPhase;
			buildActionMask = 2147483647;
			files = (
				3FC1749E27F6C05F00BF4933 /* LaunchScreen.storyboard in Resources */,
				3FC1749B27F6C05F00BF4933 /* Assets.xcassets in Resources */,
				3FC1749927F6C05E00BF4933 /* Main.storyboard in Resources */,
			);
			runOnlyForDeploymentPostprocessing = 0;
		};
		3FC174A227F6C05F00BF4933 /* Resources */ = {
			isa = PBXResourcesBuildPhase;
			buildActionMask = 2147483647;
			files = (
			);
			runOnlyForDeploymentPostprocessing = 0;
		};
		3FC174AC27F6C05F00BF4933 /* Resources */ = {
			isa = PBXResourcesBuildPhase;
			buildActionMask = 2147483647;
			files = (
			);
			runOnlyForDeploymentPostprocessing = 0;
		};
/* End PBXResourcesBuildPhase section */

/* Begin PBXSourcesBuildPhase section */
		3FC1748A27F6C05E00BF4933 /* Sources */ = {
			isa = PBXSourcesBuildPhase;
			buildActionMask = 2147483647;
			files = (
				3FC7BCEB27FFA116002384AF /* CellTableViewCell.swift in Sources */,
				3FC7BCF127FFAFD2002384AF /* PlayerInfoViewController.swift in Sources */,
				3FC1749627F6C05E00BF4933 /* ViewController.swift in Sources */,
				3FC7BCEF27FFAD92002384AF /* TeamStatisticsViewController.swift in Sources */,
				3FBB26822807CB2D00077A56 /* IPLWinnersData.swift in Sources */,
				3FC7BCED27FFA64E002384AF /* PreviousIplWinnersViewController.swift in Sources */,
				3FC1749227F6C05E00BF4933 /* AppDelegate.swift in Sources */,
				3FC1749427F6C05E00BF4933 /* SceneDelegate.swift in Sources */,
				3FBB26842808ABE200077A56 /* TeamStatistics.swift in Sources */,
				3FC174C227F6C1DA00BF4933 /* InformationViewController.swift in Sources */,
				3FBB2680280757B700077A56 /* TeamInfo.swift in Sources */,
			);
			runOnlyForDeploymentPostprocessing = 0;
		};
		3FC174A027F6C05F00BF4933 /* Sources */ = {
			isa = PBXSourcesBuildPhase;
			buildActionMask = 2147483647;
			files = (
				3FC174A927F6C05F00BF4933 /* Indian_Premier_League_2022Tests.swift in Sources */,
			);
			runOnlyForDeploymentPostprocessing = 0;
		};
		3FC174AA27F6C05F00BF4933 /* Sources */ = {
			isa = PBXSourcesBuildPhase;
			buildActionMask = 2147483647;
			files = (
				3FC174B327F6C05F00BF4933 /* Indian_Premier_League_2022UITests.swift in Sources */,
				3FC174B527F6C05F00BF4933 /* Indian_Premier_League_2022UITestsLaunchTests.swift in Sources */,
			);
			runOnlyForDeploymentPostprocessing = 0;
		};
/* End PBXSourcesBuildPhase section */

/* Begin PBXTargetDependency section */
		3FC174A627F6C05F00BF4933 /* PBXTargetDependency */ = {
			isa = PBXTargetDependency;
			target = 3FC1748D27F6C05E00BF4933 /* Indian_Premier_League_2022 */;
			targetProxy = 3FC174A527F6C05F00BF4933 /* PBXContainerItemProxy */;
		};
		3FC174B027F6C05F00BF4933 /* PBXTargetDependency */ = {
			isa = PBXTargetDependency;
			target = 3FC1748D27F6C05E00BF4933 /* Indian_Premier_League_2022 */;
			targetProxy = 3FC174AF27F6C05F00BF4933 /* PBXContainerItemProxy */;
		};
/* End PBXTargetDependency section */

/* Begin PBXVariantGroup section */
		3FC1749727F6C05E00BF4933 /* Main.storyboard */ = {
			isa = PBXVariantGroup;
			children = (
				3FC1749827F6C05E00BF4933 /* Base */,
			);
			name = Main.storyboard;
			sourceTree = "<group>";
		};
		3FC1749C27F6C05F00BF4933 /* LaunchScreen.storyboard */ = {
			isa = PBXVariantGroup;
			children = (
				3FC1749D27F6C05F00BF4933 /* Base */,
			);
			name = LaunchScreen.storyboard;
			sourceTree = "<group>";
		};
/* End PBXVariantGroup section */

/* Begin XCBuildConfiguration section */
		3FC174B627F6C05F00BF4933 /* Debug */ = {
			isa = XCBuildConfiguration;
			buildSettings = {
				ALWAYS_SEARCH_USER_PATHS = NO;
				CLANG_ANALYZER_NONNULL = YES;
				CLANG_ANALYZER_NUMBER_OBJECT_CONVERSION = YES_AGGRESSIVE;
				CLANG_CXX_LANGUAGE_STANDARD = "gnu++17";
				CLANG_CXX_LIBRARY = "libc++";
				CLANG_ENABLE_MODULES = YES;
				CLANG_ENABLE_OBJC_ARC = YES;
				CLANG_ENABLE_OBJC_WEAK = YES;
				CLANG_WARN_BLOCK_CAPTURE_AUTORELEASING = YES;
				CLANG_WARN_BOOL_CONVERSION = YES;
				CLANG_WARN_COMMA = YES;
				CLANG_WARN_CONSTANT_CONVERSION = YES;
				CLANG_WARN_DEPRECATED_OBJC_IMPLEMENTATIONS = YES;
				CLANG_WARN_DIRECT_OBJC_ISA_USAGE = YES_ERROR;
				CLANG_WARN_DOCUMENTATION_COMMENTS = YES;
				CLANG_WARN_EMPTY_BODY = YES;
				CLANG_WARN_ENUM_CONVERSION = YES;
				CLANG_WARN_INFINITE_RECURSION = YES;
				CLANG_WARN_INT_CONVERSION = YES;
				CLANG_WARN_NON_LITERAL_NULL_CONVERSION = YES;
				CLANG_WARN_OBJC_IMPLICIT_RETAIN_SELF = YES;
				CLANG_WARN_OBJC_LITERAL_CONVERSION = YES;
				CLANG_WARN_OBJC_ROOT_CLASS = YES_ERROR;
				CLANG_WARN_QUOTED_INCLUDE_IN_FRAMEWORK_HEADER = YES;
				CLANG_WARN_RANGE_LOOP_ANALYSIS = YES;
				CLANG_WARN_STRICT_PROTOTYPES = YES;
				CLANG_WARN_SUSPICIOUS_MOVE = YES;
				CLANG_WARN_UNGUARDED_AVAILABILITY = YES_AGGRESSIVE;
				CLANG_WARN_UNREACHABLE_CODE = YES;
				CLANG_WARN__DUPLICATE_METHOD_MATCH = YES;
				COPY_PHASE_STRIP = NO;
				DEBUG_INFORMATION_FORMAT = dwarf;
				ENABLE_STRICT_OBJC_MSGSEND = YES;
				ENABLE_TESTABILITY = YES;
				GCC_C_LANGUAGE_STANDARD = gnu11;
				GCC_DYNAMIC_NO_PIC = NO;
				GCC_NO_COMMON_BLOCKS = YES;
				GCC_OPTIMIZATION_LEVEL = 0;
				GCC_PREPROCESSOR_DEFINITIONS = (
					"DEBUG=1",
					"$(inherited)",
				);
				GCC_WARN_64_TO_32_BIT_CONVERSION = YES;
				GCC_WARN_ABOUT_RETURN_TYPE = YES_ERROR;
				GCC_WARN_UNDECLARED_SELECTOR = YES;
				GCC_WARN_UNINITIALIZED_AUTOS = YES_AGGRESSIVE;
				GCC_WARN_UNUSED_FUNCTION = YES;
				GCC_WARN_UNUSED_VARIABLE = YES;
				IPHONEOS_DEPLOYMENT_TARGET = 15.2;
				MTL_ENABLE_DEBUG_INFO = INCLUDE_SOURCE;
				MTL_FAST_MATH = YES;
				ONLY_ACTIVE_ARCH = YES;
				SDKROOT = iphoneos;
				SWIFT_ACTIVE_COMPILATION_CONDITIONS = DEBUG;
				SWIFT_OPTIMIZATION_LEVEL = "-Onone";
			};
			name = Debug;
		};
		3FC174B727F6C05F00BF4933 /* Release */ = {
			isa = XCBuildConfiguration;
			buildSettings = {
				ALWAYS_SEARCH_USER_PATHS = NO;
				CLANG_ANALYZER_NONNULL = YES;
				CLANG_ANALYZER_NUMBER_OBJECT_CONVERSION = YES_AGGRESSIVE;
				CLANG_CXX_LANGUAGE_STANDARD = "gnu++17";
				CLANG_CXX_LIBRARY = "libc++";
				CLANG_ENABLE_MODULES = YES;
				CLANG_ENABLE_OBJC_ARC = YES;
				CLANG_ENABLE_OBJC_WEAK = YES;
				CLANG_WARN_BLOCK_CAPTURE_AUTORELEASING = YES;
				CLANG_WARN_BOOL_CONVERSION = YES;
				CLANG_WARN_COMMA = YES;
				CLANG_WARN_CONSTANT_CONVERSION = YES;
				CLANG_WARN_DEPRECATED_OBJC_IMPLEMENTATIONS = YES;
				CLANG_WARN_DIRECT_OBJC_ISA_USAGE = YES_ERROR;
				CLANG_WARN_DOCUMENTATION_COMMENTS = YES;
				CLANG_WARN_EMPTY_BODY = YES;
				CLANG_WARN_ENUM_CONVERSION = YES;
				CLANG_WARN_INFINITE_RECURSION = YES;
				CLANG_WARN_INT_CONVERSION = YES;
				CLANG_WARN_NON_LITERAL_NULL_CONVERSION = YES;
				CLANG_WARN_OBJC_IMPLICIT_RETAIN_SELF = YES;
				CLANG_WARN_OBJC_LITERAL_CONVERSION = YES;
				CLANG_WARN_OBJC_ROOT_CLASS = YES_ERROR;
				CLANG_WARN_QUOTED_INCLUDE_IN_FRAMEWORK_HEADER = YES;
				CLANG_WARN_RANGE_LOOP_ANALYSIS = YES;
				CLANG_WARN_STRICT_PROTOTYPES = YES;
				CLANG_WARN_SUSPICIOUS_MOVE = YES;
				CLANG_WARN_UNGUARDED_AVAILABILITY = YES_AGGRESSIVE;
				CLANG_WARN_UNREACHABLE_CODE = YES;
				CLANG_WARN__DUPLICATE_METHOD_MATCH = YES;
				COPY_PHASE_STRIP = NO;
				DEBUG_INFORMATION_FORMAT = "dwarf-with-dsym";
				ENABLE_NS_ASSERTIONS = NO;
				ENABLE_STRICT_OBJC_MSGSEND = YES;
				GCC_C_LANGUAGE_STANDARD = gnu11;
				GCC_NO_COMMON_BLOCKS = YES;
				GCC_WARN_64_TO_32_BIT_CONVERSION = YES;
				GCC_WARN_ABOUT_RETURN_TYPE = YES_ERROR;
				GCC_WARN_UNDECLARED_SELECTOR = YES;
				GCC_WARN_UNINITIALIZED_AUTOS = YES_AGGRESSIVE;
				GCC_WARN_UNUSED_FUNCTION = YES;
				GCC_WARN_UNUSED_VARIABLE = YES;
				IPHONEOS_DEPLOYMENT_TARGET = 15.2;
				MTL_ENABLE_DEBUG_INFO = NO;
				MTL_FAST_MATH = YES;
				SDKROOT = iphoneos;
				SWIFT_COMPILATION_MODE = wholemodule;
				SWIFT_OPTIMIZATION_LEVEL = "-O";
				VALIDATE_PRODUCT = YES;
			};
			name = Release;
		};
		3FC174B927F6C05F00BF4933 /* Debug */ = {
			isa = XCBuildConfiguration;
			buildSettings = {
				ASSETCATALOG_COMPILER_APPICON_NAME = AppIcon;
				ASSETCATALOG_COMPILER_GLOBAL_ACCENT_COLOR_NAME = AccentColor;
				CODE_SIGN_STYLE = Automatic;
				CURRENT_PROJECT_VERSION = 1;
				GENERATE_INFOPLIST_FILE = YES;
				INFOPLIST_FILE = Indian_Premier_League_2022/Info.plist;
				INFOPLIST_KEY_CFBundleDisplayName = "IPL 2022";
				INFOPLIST_KEY_UIApplicationSupportsIndirectInputEvents = YES;
				INFOPLIST_KEY_UILaunchStoryboardName = LaunchScreen;
				INFOPLIST_KEY_UIMainStoryboardFile = Main;
				INFOPLIST_KEY_UISupportedInterfaceOrientations_iPad = "UIInterfaceOrientationPortrait UIInterfaceOrientationPortraitUpsideDown UIInterfaceOrientationLandscapeLeft UIInterfaceOrientationLandscapeRight";
				INFOPLIST_KEY_UISupportedInterfaceOrientations_iPhone = "UIInterfaceOrientationPortrait UIInterfaceOrientationLandscapeLeft UIInterfaceOrientationLandscapeRight";
				LD_RUNPATH_SEARCH_PATHS = (
					"$(inherited)",
					"@executable_path/Frameworks",
				);
				MARKETING_VERSION = 1.0;
				PRODUCT_BUNDLE_IDENTIFIER = "nwmsu.Indian-Premier-League-2022";
				PRODUCT_NAME = "$(TARGET_NAME)";
				SWIFT_EMIT_LOC_STRINGS = YES;
				SWIFT_VERSION = 5.0;
				TARGETED_DEVICE_FAMILY = "1,2";
			};
			name = Debug;
		};
		3FC174BA27F6C05F00BF4933 /* Release */ = {
			isa = XCBuildConfiguration;
			buildSettings = {
				ASSETCATALOG_COMPILER_APPICON_NAME = AppIcon;
				ASSETCATALOG_COMPILER_GLOBAL_ACCENT_COLOR_NAME = AccentColor;
				CODE_SIGN_STYLE = Automatic;
				CURRENT_PROJECT_VERSION = 1;
				GENERATE_INFOPLIST_FILE = YES;
				INFOPLIST_FILE = Indian_Premier_League_2022/Info.plist;
				INFOPLIST_KEY_CFBundleDisplayName = "IPL 2022";
				INFOPLIST_KEY_UIApplicationSupportsIndirectInputEvents = YES;
				INFOPLIST_KEY_UILaunchStoryboardName = LaunchScreen;
				INFOPLIST_KEY_UIMainStoryboardFile = Main;
				INFOPLIST_KEY_UISupportedInterfaceOrientations_iPad = "UIInterfaceOrientationPortrait UIInterfaceOrientationPortraitUpsideDown UIInterfaceOrientationLandscapeLeft UIInterfaceOrientationLandscapeRight";
				INFOPLIST_KEY_UISupportedInterfaceOrientations_iPhone = "UIInterfaceOrientationPortrait UIInterfaceOrientationLandscapeLeft UIInterfaceOrientationLandscapeRight";
				LD_RUNPATH_SEARCH_PATHS = (
					"$(inherited)",
					"@executable_path/Frameworks",
				);
				MARKETING_VERSION = 1.0;
				PRODUCT_BUNDLE_IDENTIFIER = "nwmsu.Indian-Premier-League-2022";
				PRODUCT_NAME = "$(TARGET_NAME)";
				SWIFT_EMIT_LOC_STRINGS = YES;
				SWIFT_VERSION = 5.0;
				TARGETED_DEVICE_FAMILY = "1,2";
			};
			name = Release;
		};
		3FC174BC27F6C05F00BF4933 /* Debug */ = {
			isa = XCBuildConfiguration;
			buildSettings = {
				ALWAYS_EMBED_SWIFT_STANDARD_LIBRARIES = YES;
				BUNDLE_LOADER = "$(TEST_HOST)";
				CODE_SIGN_STYLE = Automatic;
				CURRENT_PROJECT_VERSION = 1;
				GENERATE_INFOPLIST_FILE = YES;
				IPHONEOS_DEPLOYMENT_TARGET = 15.2;
				MARKETING_VERSION = 1.0;
				PRODUCT_BUNDLE_IDENTIFIER = "nwmsu.Indian-Premier-League-2022Tests";
				PRODUCT_NAME = "$(TARGET_NAME)";
				SWIFT_EMIT_LOC_STRINGS = NO;
				SWIFT_VERSION = 5.0;
				TARGETED_DEVICE_FAMILY = "1,2";
				TEST_HOST = "$(BUILT_PRODUCTS_DIR)/Indian_Premier_League_2022.app/Indian_Premier_League_2022";
			};
			name = Debug;
		};
		3FC174BD27F6C05F00BF4933 /* Release */ = {
			isa = XCBuildConfiguration;
			buildSettings = {
				ALWAYS_EMBED_SWIFT_STANDARD_LIBRARIES = YES;
				BUNDLE_LOADER = "$(TEST_HOST)";
				CODE_SIGN_STYLE = Automatic;
				CURRENT_PROJECT_VERSION = 1;
				GENERATE_INFOPLIST_FILE = YES;
				IPHONEOS_DEPLOYMENT_TARGET = 15.2;
				MARKETING_VERSION = 1.0;
				PRODUCT_BUNDLE_IDENTIFIER = "nwmsu.Indian-Premier-League-2022Tests";
				PRODUCT_NAME = "$(TARGET_NAME)";
				SWIFT_EMIT_LOC_STRINGS = NO;
				SWIFT_VERSION = 5.0;
				TARGETED_DEVICE_FAMILY = "1,2";
				TEST_HOST = "$(BUILT_PRODUCTS_DIR)/Indian_Premier_League_2022.app/Indian_Premier_League_2022";
			};
			name = Release;
		};
		3FC174BF27F6C05F00BF4933 /* Debug */ = {
			isa = XCBuildConfiguration;
			buildSettings = {
				ALWAYS_EMBED_SWIFT_STANDARD_LIBRARIES = YES;
				CODE_SIGN_STYLE = Automatic;
				CURRENT_PROJECT_VERSION = 1;
				GENERATE_INFOPLIST_FILE = YES;
				MARKETING_VERSION = 1.0;
				PRODUCT_BUNDLE_IDENTIFIER = "nwmsu.Indian-Premier-League-2022UITests";
				PRODUCT_NAME = "$(TARGET_NAME)";
				SWIFT_EMIT_LOC_STRINGS = NO;
				SWIFT_VERSION = 5.0;
				TARGETED_DEVICE_FAMILY = "1,2";
				TEST_TARGET_NAME = Indian_Premier_League_2022;
			};
			name = Debug;
		};
		3FC174C027F6C05F00BF4933 /* Release */ = {
			isa = XCBuildConfiguration;
			buildSettings = {
				ALWAYS_EMBED_SWIFT_STANDARD_LIBRARIES = YES;
				CODE_SIGN_STYLE = Automatic;
				CURRENT_PROJECT_VERSION = 1;
				GENERATE_INFOPLIST_FILE = YES;
				MARKETING_VERSION = 1.0;
				PRODUCT_BUNDLE_IDENTIFIER = "nwmsu.Indian-Premier-League-2022UITests";
				PRODUCT_NAME = "$(TARGET_NAME)";
				SWIFT_EMIT_LOC_STRINGS = NO;
				SWIFT_VERSION = 5.0;
				TARGETED_DEVICE_FAMILY = "1,2";
				TEST_TARGET_NAME = Indian_Premier_League_2022;
			};
			name = Release;
		};
/* End XCBuildConfiguration section */

/* Begin XCConfigurationList section */
		3FC1748927F6C05E00BF4933 /* Build configuration list for PBXProject "Indian_Premier_League_2022" */ = {
			isa = XCConfigurationList;
			buildConfigurations = (
				3FC174B627F6C05F00BF4933 /* Debug */,
				3FC174B727F6C05F00BF4933 /* Release */,
			);
			defaultConfigurationIsVisible = 0;
			defaultConfigurationName = Release;
		};
		3FC174B827F6C05F00BF4933 /* Build configuration list for PBXNativeTarget "Indian_Premier_League_2022" */ = {
			isa = XCConfigurationList;
			buildConfigurations = (
				3FC174B927F6C05F00BF4933 /* Debug */,
				3FC174BA27F6C05F00BF4933 /* Release */,
			);
			defaultConfigurationIsVisible = 0;
			defaultConfigurationName = Release;
		};
		3FC174BB27F6C05F00BF4933 /* Build configuration list for PBXNativeTarget "Indian_Premier_League_2022Tests" */ = {
			isa = XCConfigurationList;
			buildConfigurations = (
				3FC174BC27F6C05F00BF4933 /* Debug */,
				3FC174BD27F6C05F00BF4933 /* Release */,
			);
			defaultConfigurationIsVisible = 0;
			defaultConfigurationName = Release;
		};
		3FC174BE27F6C05F00BF4933 /* Build configuration list for PBXNativeTarget "Indian_Premier_League_2022UITests" */ = {
			isa = XCConfigurationList;
			buildConfigurations = (
				3FC174BF27F6C05F00BF4933 /* Debug */,
				3FC174C027F6C05F00BF4933 /* Release */,
			);
			defaultConfigurationIsVisible = 0;
			defaultConfigurationName = Release;
		};
/* End XCConfigurationList section */
	};
	rootObject = 3FC1748627F6C05E00BF4933 /* Project object */;
}
